{
    "_meta": {
        "hash": {
            "sha256": "05e6720752b3de284afbd309d4580927c8f9250b1857ae3071fcf9e8ce2083ab"
        },
        "pipfile-spec": 6,
        "requires": {
            "python_full_version": "3.11.5",
            "python_version": "3.11"
        },
        "sources": [
            {
                "name": "pypi",
                "url": "https://pypi.org/simple",
                "verify_ssl": true
            }
        ]
    },
    "default": {},
    "develop": {
        "autopep8": {
            "hashes": [
                "sha256:ba4901621c7f94c6fce134437d577009886d5e3bfa46ee64e1d1d864a5b93cc2",
                "sha256:ca72bd1e3bf0aa40636860fa07e3f1a762a18d0943cf359b3de09221059ffbd9"
            ],
            "index": "pypi",
            "markers": "python_version >= '3.6'",
            "version": "==2.0.3"
        },
        "packaging": {
            "hashes": [
                "sha256:994793af429502c4ea2ebf6bf664629d07c1a9fe974af92966e4b8d2df7edc61",
                "sha256:a392980d2b6cffa644431898be54b0045151319d1e7ec34f0cfed48767dd334f"
            ],
            "index": "pypi",
            "markers": "python_version >= '3.7'",
            "version": "==23.1"
        },
        "pycodestyle": {
            "hashes": [
                "sha256:259bcc17857d8a8b3b4a2327324b79e5f020a13c16074670f9c8c8f872ea76d0",
                "sha256:5d1013ba8dc7895b548be5afb05740ca82454fd899971563d2ef625d090326f8"
            ],
            "markers": "python_version >= '3.8'",
            "version": "==2.11.0"
        }
    }
}
